// !$*UTF8*$!
{
	archiveVersion = 1;
	classes = {
	};
	objectVersion = 52;
	objects = {

/* Begin PBXBuildFile section */
		689710B1276F564400C1F785 /* AppOKRApp.swift in Sources */ = {isa = PBXBuildFile; fileRef = 689710B0276F564400C1F785 /* AppOKRApp.swift */; };
		689710B3276F564400C1F785 /* ContentView.swift in Sources */ = {isa = PBXBuildFile; fileRef = 689710B2276F564400C1F785 /* ContentView.swift */; };
		689710B5276F565300C1F785 /* Assets.xcassets in Resources */ = {isa = PBXBuildFile; fileRef = 689710B4276F565300C1F785 /* Assets.xcassets */; };
		689710B8276F565300C1F785 /* Preview Assets.xcassets in Resources */ = {isa = PBXBuildFile; fileRef = 689710B7276F565300C1F785 /* Preview Assets.xcassets */; };
		689710C3276F565300C1F785 /* AppOKRTests.swift in Sources */ = {isa = PBXBuildFile; fileRef = 689710C2276F565300C1F785 /* AppOKRTests.swift */; };
		689710CE276F565300C1F785 /* AppOKRUITests.swift in Sources */ = {isa = PBXBuildFile; fileRef = 689710CD276F565300C1F785 /* AppOKRUITests.swift */; };
		689710DD276F732100C1F785 /* Endpoint.swift in Sources */ = {isa = PBXBuildFile; fileRef = 689710DC276F732100C1F785 /* Endpoint.swift */; };
		689710DF276F738E00C1F785 /* RequestProvider.swift in Sources */ = {isa = PBXBuildFile; fileRef = 689710DE276F738E00C1F785 /* RequestProvider.swift */; };
		689710E1276F754F00C1F785 /* ApiError.swift in Sources */ = {isa = PBXBuildFile; fileRef = 689710E0276F754F00C1F785 /* ApiError.swift */; };
		689710E3276F75D700C1F785 /* Api.swift in Sources */ = {isa = PBXBuildFile; fileRef = 689710E2276F75D700C1F785 /* Api.swift */; };
		689710E6276F793800C1F785 /* Feed.swift in Sources */ = {isa = PBXBuildFile; fileRef = 689710E5276F793800C1F785 /* Feed.swift */; };
		689710E8276F798E00C1F785 /* ResultData.swift in Sources */ = {isa = PBXBuildFile; fileRef = 689710E7276F798E00C1F785 /* ResultData.swift */; };
		689710EA276F7D7B00C1F785 /* Author.swift in Sources */ = {isa = PBXBuildFile; fileRef = 689710E9276F7D7B00C1F785 /* Author.swift */; };
		689710EC276F7DAB00C1F785 /* Link.swift in Sources */ = {isa = PBXBuildFile; fileRef = 689710EB276F7DAB00C1F785 /* Link.swift */; };
		7517FFD027DE515B00A884BD /* CodableDefault.swift in Sources */ = {isa = PBXBuildFile; fileRef = 7517FFCF27DE515B00A884BD /* CodableDefault.swift */; };
		7530DD7F290042B3009466B3 /* SpotifyiOS.xcframework in Frameworks */ = {isa = PBXBuildFile; fileRef = 7530DD7E290042B3009466B3 /* SpotifyiOS.xcframework */; };
		7530DD80290042B3009466B3 /* SpotifyiOS.xcframework in Embed Frameworks */ = {isa = PBXBuildFile; fileRef = 7530DD7E290042B3009466B3 /* SpotifyiOS.xcframework */; settings = {ATTRIBUTES = (CodeSignOnCopy, RemoveHeadersOnCopy, ); }; };
		753EF3CD27EA66E3001224CA /* PasswordStatus.swift in Sources */ = {isa = PBXBuildFile; fileRef = 753EF3CC27EA66E3001224CA /* PasswordStatus.swift */; };
		7564115C28285B83008F3B2A /* BooksList.xcdatamodeld in Sources */ = {isa = PBXBuildFile; fileRef = 7564115A28285B83008F3B2A /* BooksList.xcdatamodeld */; };
		7564115E28285D65008F3B2A /* BookObject+.swift in Sources */ = {isa = PBXBuildFile; fileRef = 7564115D28285D65008F3B2A /* BookObject+.swift */; };
		75641160282979B1008F3B2A /* DashboardBottomView.swift in Sources */ = {isa = PBXBuildFile; fileRef = 7564115F282979B1008F3B2A /* DashboardBottomView.swift */; };
		75641162282A35DF008F3B2A /* BackgroundColorKey.swift in Sources */ = {isa = PBXBuildFile; fileRef = 75641161282A35DF008F3B2A /* BackgroundColorKey.swift */; };
		758026D327E60DDF00910A2F /* WidgetKit.framework in Frameworks */ = {isa = PBXBuildFile; fileRef = 752CB31127E5FF760095669A /* WidgetKit.framework */; };
		758026D427E60DDF00910A2F /* SwiftUI.framework in Frameworks */ = {isa = PBXBuildFile; fileRef = 752CB31327E5FF760095669A /* SwiftUI.framework */; };
		758026D727E60DDF00910A2F /* AppOKRWidget.swift in Sources */ = {isa = PBXBuildFile; fileRef = 758026D627E60DDF00910A2F /* AppOKRWidget.swift */; };
		758026D927E60DE000910A2F /* Assets.xcassets in Resources */ = {isa = PBXBuildFile; fileRef = 758026D827E60DE000910A2F /* Assets.xcassets */; };
		758026DD27E60DE000910A2F /* AppOKRWidgetExtension.appex in Embed App Extensions */ = {isa = PBXBuildFile; fileRef = 758026D227E60DDF00910A2F /* AppOKRWidgetExtension.appex */; settings = {ATTRIBUTES = (RemoveHeadersOnCopy, ); }; };
		758026E627E7213B00910A2F /* AppOKRWidgetViewModel.swift in Sources */ = {isa = PBXBuildFile; fileRef = 758026E527E7213B00910A2F /* AppOKRWidgetViewModel.swift */; };
		758026E827E722C100910A2F /* BookDetailsViewModel.swift in Sources */ = {isa = PBXBuildFile; fileRef = 758026E727E722C100910A2F /* BookDetailsViewModel.swift */; };
		758026EA27E77C8600910A2F /* SignInView.swift in Sources */ = {isa = PBXBuildFile; fileRef = 758026E927E77C8600910A2F /* SignInView.swift */; };
		758026EC27E77C9600910A2F /* AuthViewModel.swift in Sources */ = {isa = PBXBuildFile; fileRef = 758026EB27E77C9600910A2F /* AuthViewModel.swift */; };
		758026F327E78FF100910A2F /* GoogleService-Info.plist in Resources */ = {isa = PBXBuildFile; fileRef = 758026F227E78FF000910A2F /* GoogleService-Info.plist */; };
		758026F627E7906900910A2F /* FirebaseAnalytics in Frameworks */ = {isa = PBXBuildFile; productRef = 758026F527E7906900910A2F /* FirebaseAnalytics */; };
		758026F827E7906900910A2F /* FirebaseAuth in Frameworks */ = {isa = PBXBuildFile; productRef = 758026F727E7906900910A2F /* FirebaseAuth */; };
		758026FA27E7AC3C00910A2F /* DashboardView.swift in Sources */ = {isa = PBXBuildFile; fileRef = 758026F927E7AC3C00910A2F /* DashboardView.swift */; };
		758026FF27E7AF4A00910A2F /* SignUpView.swift in Sources */ = {isa = PBXBuildFile; fileRef = 758026FE27E7AF4A00910A2F /* SignUpView.swift */; };
		75AB2EFF28FEEFDA00D3384F /* SpotifyService.swift in Sources */ = {isa = PBXBuildFile; fileRef = 75AB2EFE28FEEFDA00D3384F /* SpotifyService.swift */; };
		75F45762277F22DF005D16B3 /* Book.swift in Sources */ = {isa = PBXBuildFile; fileRef = 75F45761277F22DF005D16B3 /* Book.swift */; };
		75F45764277F2363005D16B3 /* Genre.swift in Sources */ = {isa = PBXBuildFile; fileRef = 75F45763277F2363005D16B3 /* Genre.swift */; };
		75F457662781E205005D16B3 /* BooksViewModel.swift in Sources */ = {isa = PBXBuildFile; fileRef = 75F457652781E205005D16B3 /* BooksViewModel.swift */; };
		75F4576927876057005D16B3 /* CollectionView.swift in Sources */ = {isa = PBXBuildFile; fileRef = 75F4576827876057005D16B3 /* CollectionView.swift */; };
		75F4576B278760DE005D16B3 /* CollectionRowView.swift in Sources */ = {isa = PBXBuildFile; fileRef = 75F4576A278760DE005D16B3 /* CollectionRowView.swift */; };
		75F4576D27876221005D16B3 /* BookDetails.swift in Sources */ = {isa = PBXBuildFile; fileRef = 75F4576C27876221005D16B3 /* BookDetails.swift */; };
		75F4576F27876243005D16B3 /* BookListCell.swift in Sources */ = {isa = PBXBuildFile; fileRef = 75F4576E27876243005D16B3 /* BookListCell.swift */; };
		75F4577127876387005D16B3 /* CollectionViewCell.swift in Sources */ = {isa = PBXBuildFile; fileRef = 75F4577027876387005D16B3 /* CollectionViewCell.swift */; };
/* End PBXBuildFile section */

/* Begin PBXContainerItemProxy section */
		689710BF276F565300C1F785 /* PBXContainerItemProxy */ = {
			isa = PBXContainerItemProxy;
			containerPortal = 689710A5276F564400C1F785 /* Project object */;
			proxyType = 1;
			remoteGlobalIDString = 689710AC276F564400C1F785;
			remoteInfo = AppOKR;
		};
		689710CA276F565300C1F785 /* PBXContainerItemProxy */ = {
			isa = PBXContainerItemProxy;
			containerPortal = 689710A5276F564400C1F785 /* Project object */;
			proxyType = 1;
			remoteGlobalIDString = 689710AC276F564400C1F785;
			remoteInfo = AppOKR;
		};
		758026DB27E60DE000910A2F /* PBXContainerItemProxy */ = {
			isa = PBXContainerItemProxy;
			containerPortal = 689710A5276F564400C1F785 /* Project object */;
			proxyType = 1;
			remoteGlobalIDString = 758026D127E60DDF00910A2F;
			remoteInfo = AppOKRWidgetExtension;
		};
/* End PBXContainerItemProxy section */

/* Begin PBXCopyFilesBuildPhase section */
		752CB32127E5FF770095669A /* Embed App Extensions */ = {
			isa = PBXCopyFilesBuildPhase;
			buildActionMask = 2147483647;
			dstPath = "";
			dstSubfolderSpec = 13;
			files = (
				758026DD27E60DE000910A2F /* AppOKRWidgetExtension.appex in Embed App Extensions */,
			);
			name = "Embed App Extensions";
			runOnlyForDeploymentPostprocessing = 0;
		};
		75AB2F0728FF015300D3384F /* Embed Frameworks */ = {
			isa = PBXCopyFilesBuildPhase;
			buildActionMask = 2147483647;
			dstPath = "";
			dstSubfolderSpec = 10;
			files = (
				7530DD80290042B3009466B3 /* SpotifyiOS.xcframework in Embed Frameworks */,
			);
			name = "Embed Frameworks";
			runOnlyForDeploymentPostprocessing = 0;
		};
/* End PBXCopyFilesBuildPhase section */

/* Begin PBXFileReference section */
		689710AD276F564400C1F785 /* AppOKR.app */ = {isa = PBXFileReference; explicitFileType = wrapper.application; includeInIndex = 0; path = AppOKR.app; sourceTree = BUILT_PRODUCTS_DIR; };
		689710B0276F564400C1F785 /* AppOKRApp.swift */ = {isa = PBXFileReference; lastKnownFileType = sourcecode.swift; path = AppOKRApp.swift; sourceTree = "<group>"; };
		689710B2276F564400C1F785 /* ContentView.swift */ = {isa = PBXFileReference; lastKnownFileType = sourcecode.swift; path = ContentView.swift; sourceTree = "<group>"; };
		689710B4276F565300C1F785 /* Assets.xcassets */ = {isa = PBXFileReference; lastKnownFileType = folder.assetcatalog; path = Assets.xcassets; sourceTree = "<group>"; };
		689710B7276F565300C1F785 /* Preview Assets.xcassets */ = {isa = PBXFileReference; lastKnownFileType = folder.assetcatalog; path = "Preview Assets.xcassets"; sourceTree = "<group>"; };
		689710B9276F565300C1F785 /* Info.plist */ = {isa = PBXFileReference; lastKnownFileType = text.plist.xml; path = Info.plist; sourceTree = "<group>"; };
		689710BE276F565300C1F785 /* AppOKRTests.xctest */ = {isa = PBXFileReference; explicitFileType = wrapper.cfbundle; includeInIndex = 0; path = AppOKRTests.xctest; sourceTree = BUILT_PRODUCTS_DIR; };
		689710C2276F565300C1F785 /* AppOKRTests.swift */ = {isa = PBXFileReference; lastKnownFileType = sourcecode.swift; path = AppOKRTests.swift; sourceTree = "<group>"; };
		689710C4276F565300C1F785 /* Info.plist */ = {isa = PBXFileReference; lastKnownFileType = text.plist.xml; path = Info.plist; sourceTree = "<group>"; };
		689710C9276F565300C1F785 /* AppOKRUITests.xctest */ = {isa = PBXFileReference; explicitFileType = wrapper.cfbundle; includeInIndex = 0; path = AppOKRUITests.xctest; sourceTree = BUILT_PRODUCTS_DIR; };
		689710CD276F565300C1F785 /* AppOKRUITests.swift */ = {isa = PBXFileReference; lastKnownFileType = sourcecode.swift; path = AppOKRUITests.swift; sourceTree = "<group>"; };
		689710CF276F565300C1F785 /* Info.plist */ = {isa = PBXFileReference; lastKnownFileType = text.plist.xml; path = Info.plist; sourceTree = "<group>"; };
		689710DC276F732100C1F785 /* Endpoint.swift */ = {isa = PBXFileReference; lastKnownFileType = sourcecode.swift; path = Endpoint.swift; sourceTree = "<group>"; };
		689710DE276F738E00C1F785 /* RequestProvider.swift */ = {isa = PBXFileReference; lastKnownFileType = sourcecode.swift; path = RequestProvider.swift; sourceTree = "<group>"; };
		689710E0276F754F00C1F785 /* ApiError.swift */ = {isa = PBXFileReference; lastKnownFileType = sourcecode.swift; path = ApiError.swift; sourceTree = "<group>"; };
		689710E2276F75D700C1F785 /* Api.swift */ = {isa = PBXFileReference; lastKnownFileType = sourcecode.swift; path = Api.swift; sourceTree = "<group>"; };
		689710E5276F793800C1F785 /* Feed.swift */ = {isa = PBXFileReference; lastKnownFileType = sourcecode.swift; path = Feed.swift; sourceTree = "<group>"; };
		689710E7276F798E00C1F785 /* ResultData.swift */ = {isa = PBXFileReference; lastKnownFileType = sourcecode.swift; path = ResultData.swift; sourceTree = "<group>"; };
		689710E9276F7D7B00C1F785 /* Author.swift */ = {isa = PBXFileReference; lastKnownFileType = sourcecode.swift; path = Author.swift; sourceTree = "<group>"; };
		689710EB276F7DAB00C1F785 /* Link.swift */ = {isa = PBXFileReference; lastKnownFileType = sourcecode.swift; path = Link.swift; sourceTree = "<group>"; };
		7517FFCF27DE515B00A884BD /* CodableDefault.swift */ = {isa = PBXFileReference; lastKnownFileType = sourcecode.swift; path = CodableDefault.swift; sourceTree = "<group>"; };
		752CB31127E5FF760095669A /* WidgetKit.framework */ = {isa = PBXFileReference; lastKnownFileType = wrapper.framework; name = WidgetKit.framework; path = System/Library/Frameworks/WidgetKit.framework; sourceTree = SDKROOT; };
		752CB31327E5FF760095669A /* SwiftUI.framework */ = {isa = PBXFileReference; lastKnownFileType = wrapper.framework; name = SwiftUI.framework; path = System/Library/Frameworks/SwiftUI.framework; sourceTree = SDKROOT; };
		7530DD7E290042B3009466B3 /* SpotifyiOS.xcframework */ = {isa = PBXFileReference; lastKnownFileType = wrapper.xcframework; path = SpotifyiOS.xcframework; sourceTree = "<group>"; };
		753EF3CC27EA66E3001224CA /* PasswordStatus.swift */ = {isa = PBXFileReference; lastKnownFileType = sourcecode.swift; path = PasswordStatus.swift; sourceTree = "<group>"; };
		7564115B28285B83008F3B2A /* BooksList.xcdatamodel */ = {isa = PBXFileReference; lastKnownFileType = wrapper.xcdatamodel; path = BooksList.xcdatamodel; sourceTree = "<group>"; };
		7564115D28285D65008F3B2A /* BookObject+.swift */ = {isa = PBXFileReference; lastKnownFileType = sourcecode.swift; path = "BookObject+.swift"; sourceTree = "<group>"; };
		7564115F282979B1008F3B2A /* DashboardBottomView.swift */ = {isa = PBXFileReference; lastKnownFileType = sourcecode.swift; path = DashboardBottomView.swift; sourceTree = "<group>"; };
		75641161282A35DF008F3B2A /* BackgroundColorKey.swift */ = {isa = PBXFileReference; lastKnownFileType = sourcecode.swift; path = BackgroundColorKey.swift; sourceTree = "<group>"; };
		758026D227E60DDF00910A2F /* AppOKRWidgetExtension.appex */ = {isa = PBXFileReference; explicitFileType = "wrapper.app-extension"; includeInIndex = 0; path = AppOKRWidgetExtension.appex; sourceTree = BUILT_PRODUCTS_DIR; };
		758026D627E60DDF00910A2F /* AppOKRWidget.swift */ = {isa = PBXFileReference; lastKnownFileType = sourcecode.swift; path = AppOKRWidget.swift; sourceTree = "<group>"; };
		758026D827E60DE000910A2F /* Assets.xcassets */ = {isa = PBXFileReference; lastKnownFileType = folder.assetcatalog; path = Assets.xcassets; sourceTree = "<group>"; };
		758026DA27E60DE000910A2F /* Info.plist */ = {isa = PBXFileReference; lastKnownFileType = text.plist.xml; path = Info.plist; sourceTree = "<group>"; };
		758026E127E62D4300910A2F /* AppOKR.entitlements */ = {isa = PBXFileReference; lastKnownFileType = text.plist.entitlements; path = AppOKR.entitlements; sourceTree = "<group>"; };
		758026E227E62D9300910A2F /* AppOKRWidgetExtension.entitlements */ = {isa = PBXFileReference; lastKnownFileType = text.plist.entitlements; path = AppOKRWidgetExtension.entitlements; sourceTree = "<group>"; };
		758026E527E7213B00910A2F /* AppOKRWidgetViewModel.swift */ = {isa = PBXFileReference; lastKnownFileType = sourcecode.swift; path = AppOKRWidgetViewModel.swift; sourceTree = "<group>"; };
		758026E727E722C100910A2F /* BookDetailsViewModel.swift */ = {isa = PBXFileReference; lastKnownFileType = sourcecode.swift; path = BookDetailsViewModel.swift; sourceTree = "<group>"; };
		758026E927E77C8600910A2F /* SignInView.swift */ = {isa = PBXFileReference; lastKnownFileType = sourcecode.swift; path = SignInView.swift; sourceTree = "<group>"; };
		758026EB27E77C9600910A2F /* AuthViewModel.swift */ = {isa = PBXFileReference; lastKnownFileType = sourcecode.swift; path = AuthViewModel.swift; sourceTree = "<group>"; };
		758026F227E78FF000910A2F /* GoogleService-Info.plist */ = {isa = PBXFileReference; fileEncoding = 4; lastKnownFileType = text.plist.xml; path = "GoogleService-Info.plist"; sourceTree = "<group>"; };
		758026F927E7AC3C00910A2F /* DashboardView.swift */ = {isa = PBXFileReference; lastKnownFileType = sourcecode.swift; path = DashboardView.swift; sourceTree = "<group>"; };
		758026FE27E7AF4A00910A2F /* SignUpView.swift */ = {isa = PBXFileReference; lastKnownFileType = sourcecode.swift; path = SignUpView.swift; sourceTree = "<group>"; };
		75AB2EFE28FEEFDA00D3384F /* SpotifyService.swift */ = {isa = PBXFileReference; lastKnownFileType = sourcecode.swift; path = SpotifyService.swift; sourceTree = "<group>"; };
		75AB2F0828FF026F00D3384F /* AppOKR-Bridging-Header.h */ = {isa = PBXFileReference; lastKnownFileType = sourcecode.c.h; path = "AppOKR-Bridging-Header.h"; sourceTree = "<group>"; };
		75F45761277F22DF005D16B3 /* Book.swift */ = {isa = PBXFileReference; lastKnownFileType = sourcecode.swift; path = Book.swift; sourceTree = "<group>"; };
		75F45763277F2363005D16B3 /* Genre.swift */ = {isa = PBXFileReference; lastKnownFileType = sourcecode.swift; path = Genre.swift; sourceTree = "<group>"; };
		75F457652781E205005D16B3 /* BooksViewModel.swift */ = {isa = PBXFileReference; lastKnownFileType = sourcecode.swift; path = BooksViewModel.swift; sourceTree = "<group>"; };
		75F4576827876057005D16B3 /* CollectionView.swift */ = {isa = PBXFileReference; lastKnownFileType = sourcecode.swift; path = CollectionView.swift; sourceTree = "<group>"; };
		75F4576A278760DE005D16B3 /* CollectionRowView.swift */ = {isa = PBXFileReference; lastKnownFileType = sourcecode.swift; path = CollectionRowView.swift; sourceTree = "<group>"; };
		75F4576C27876221005D16B3 /* BookDetails.swift */ = {isa = PBXFileReference; lastKnownFileType = sourcecode.swift; path = BookDetails.swift; sourceTree = "<group>"; };
		75F4576E27876243005D16B3 /* BookListCell.swift */ = {isa = PBXFileReference; lastKnownFileType = sourcecode.swift; path = BookListCell.swift; sourceTree = "<group>"; };
		75F4577027876387005D16B3 /* CollectionViewCell.swift */ = {isa = PBXFileReference; lastKnownFileType = sourcecode.swift; path = CollectionViewCell.swift; sourceTree = "<group>"; };
/* End PBXFileReference section */

/* Begin PBXFrameworksBuildPhase section */
		689710AA276F564400C1F785 /* Frameworks */ = {
			isa = PBXFrameworksBuildPhase;
			buildActionMask = 2147483647;
			files = (
				758026F627E7906900910A2F /* FirebaseAnalytics in Frameworks */,
				7530DD7F290042B3009466B3 /* SpotifyiOS.xcframework in Frameworks */,
				758026F827E7906900910A2F /* FirebaseAuth in Frameworks */,
			);
			runOnlyForDeploymentPostprocessing = 0;
		};
		689710BB276F565300C1F785 /* Frameworks */ = {
			isa = PBXFrameworksBuildPhase;
			buildActionMask = 2147483647;
			files = (
			);
			runOnlyForDeploymentPostprocessing = 0;
		};
		689710C6276F565300C1F785 /* Frameworks */ = {
			isa = PBXFrameworksBuildPhase;
			buildActionMask = 2147483647;
			files = (
			);
			runOnlyForDeploymentPostprocessing = 0;
		};
		758026CF27E60DDF00910A2F /* Frameworks */ = {
			isa = PBXFrameworksBuildPhase;
			buildActionMask = 2147483647;
			files = (
				758026D427E60DDF00910A2F /* SwiftUI.framework in Frameworks */,
				758026D327E60DDF00910A2F /* WidgetKit.framework in Frameworks */,
			);
			runOnlyForDeploymentPostprocessing = 0;
		};
/* End PBXFrameworksBuildPhase section */

/* Begin PBXGroup section */
		689710A4276F564400C1F785 = {
			isa = PBXGroup;
			children = (
				758026E227E62D9300910A2F /* AppOKRWidgetExtension.entitlements */,
				689710AF276F564400C1F785 /* AppOKR */,
				689710C1276F565300C1F785 /* AppOKRTests */,
				689710CC276F565300C1F785 /* AppOKRUITests */,
				758026D527E60DDF00910A2F /* AppOKRWidget */,
				752CB31027E5FF760095669A /* Frameworks */,
				689710AE276F564400C1F785 /* Products */,
			);
			sourceTree = "<group>";
		};
		689710AE276F564400C1F785 /* Products */ = {
			isa = PBXGroup;
			children = (
				689710AD276F564400C1F785 /* AppOKR.app */,
				689710BE276F565300C1F785 /* AppOKRTests.xctest */,
				689710C9276F565300C1F785 /* AppOKRUITests.xctest */,
				758026D227E60DDF00910A2F /* AppOKRWidgetExtension.appex */,
			);
			name = Products;
			sourceTree = "<group>";
		};
		689710AF276F564400C1F785 /* AppOKR */ = {
			isa = PBXGroup;
			children = (
				758026F227E78FF000910A2F /* GoogleService-Info.plist */,
				758026FD27E7AF2100910A2F /* SignIn */,
				758026EE27E77CCA00910A2F /* Dashboard */,
				758026ED27E77CA700910A2F /* BookDetails */,
				758026E127E62D4300910A2F /* AppOKR.entitlements */,
				7517FFD127DE5B7400A884BD /* SignUp */,
				7517FFCE27DE514200A884BD /* Utils */,
				689710E4276F765F00C1F785 /* Models */,
				689710DB276F72B600C1F785 /* Netwoking */,
				689710B0276F564400C1F785 /* AppOKRApp.swift */,
				689710B2276F564400C1F785 /* ContentView.swift */,
				758026EB27E77C9600910A2F /* AuthViewModel.swift */,
				689710B4276F565300C1F785 /* Assets.xcassets */,
				689710B9276F565300C1F785 /* Info.plist */,
				689710B6276F565300C1F785 /* Preview Content */,
				75AB2F0828FF026F00D3384F /* AppOKR-Bridging-Header.h */,
			);
			path = AppOKR;
			sourceTree = "<group>";
		};
		689710B6276F565300C1F785 /* Preview Content */ = {
			isa = PBXGroup;
			children = (
				689710B7276F565300C1F785 /* Preview Assets.xcassets */,
			);
			path = "Preview Content";
			sourceTree = "<group>";
		};
		689710C1276F565300C1F785 /* AppOKRTests */ = {
			isa = PBXGroup;
			children = (
				689710C2276F565300C1F785 /* AppOKRTests.swift */,
				689710C4276F565300C1F785 /* Info.plist */,
			);
			path = AppOKRTests;
			sourceTree = "<group>";
		};
		689710CC276F565300C1F785 /* AppOKRUITests */ = {
			isa = PBXGroup;
			children = (
				689710CD276F565300C1F785 /* AppOKRUITests.swift */,
				689710CF276F565300C1F785 /* Info.plist */,
			);
			path = AppOKRUITests;
			sourceTree = "<group>";
		};
		689710DB276F72B600C1F785 /* Netwoking */ = {
			isa = PBXGroup;
			children = (
				689710DC276F732100C1F785 /* Endpoint.swift */,
				689710DE276F738E00C1F785 /* RequestProvider.swift */,
				689710E0276F754F00C1F785 /* ApiError.swift */,
				689710E2276F75D700C1F785 /* Api.swift */,
				75AB2EFE28FEEFDA00D3384F /* SpotifyService.swift */,
			);
			path = Netwoking;
			sourceTree = "<group>";
		};
		689710E4276F765F00C1F785 /* Models */ = {
			isa = PBXGroup;
			children = (
				689710E5276F793800C1F785 /* Feed.swift */,
				689710E7276F798E00C1F785 /* ResultData.swift */,
				689710E9276F7D7B00C1F785 /* Author.swift */,
				689710EB276F7DAB00C1F785 /* Link.swift */,
				75F45761277F22DF005D16B3 /* Book.swift */,
				75F45763277F2363005D16B3 /* Genre.swift */,
			);
			path = Models;
			sourceTree = "<group>";
		};
		7517FFCE27DE514200A884BD /* Utils */ = {
			isa = PBXGroup;
			children = (
				7517FFCF27DE515B00A884BD /* CodableDefault.swift */,
				753EF3CC27EA66E3001224CA /* PasswordStatus.swift */,
				75641161282A35DF008F3B2A /* BackgroundColorKey.swift */,
			);
			path = Utils;
			sourceTree = "<group>";
		};
		7517FFD127DE5B7400A884BD /* SignUp */ = {
			isa = PBXGroup;
			children = (
				758026FE27E7AF4A00910A2F /* SignUpView.swift */,
			);
			path = SignUp;
			sourceTree = "<group>";
		};
		752CB31027E5FF760095669A /* Frameworks */ = {
			isa = PBXGroup;
			children = (
				7530DD7E290042B3009466B3 /* SpotifyiOS.xcframework */,
				752CB31127E5FF760095669A /* WidgetKit.framework */,
				752CB31327E5FF760095669A /* SwiftUI.framework */,
			);
			name = Frameworks;
			sourceTree = "<group>";
		};
		758026D527E60DDF00910A2F /* AppOKRWidget */ = {
			isa = PBXGroup;
			children = (
				758026D627E60DDF00910A2F /* AppOKRWidget.swift */,
				758026D827E60DE000910A2F /* Assets.xcassets */,
				758026DA27E60DE000910A2F /* Info.plist */,
				758026E527E7213B00910A2F /* AppOKRWidgetViewModel.swift */,
			);
			path = AppOKRWidget;
			sourceTree = "<group>";
		};
		758026ED27E77CA700910A2F /* BookDetails */ = {
			isa = PBXGroup;
			children = (
				75F4576C27876221005D16B3 /* BookDetails.swift */,
				758026E727E722C100910A2F /* BookDetailsViewModel.swift */,
			);
			path = BookDetails;
			sourceTree = "<group>";
		};
		758026EE27E77CCA00910A2F /* Dashboard */ = {
			isa = PBXGroup;
			children = (
				75F457652781E205005D16B3 /* BooksViewModel.swift */,
				75F457672787602E005D16B3 /* Views */,
				7564115A28285B83008F3B2A /* BooksList.xcdatamodeld */,
				7564115D28285D65008F3B2A /* BookObject+.swift */,
			);
			path = Dashboard;
			sourceTree = "<group>";
		};
		758026FD27E7AF2100910A2F /* SignIn */ = {
			isa = PBXGroup;
			children = (
				758026E927E77C8600910A2F /* SignInView.swift */,
			);
			path = SignIn;
			sourceTree = "<group>";
		};
		75F457672787602E005D16B3 /* Views */ = {
			isa = PBXGroup;
			children = (
				75F4576827876057005D16B3 /* CollectionView.swift */,
				75F4576A278760DE005D16B3 /* CollectionRowView.swift */,
				75F4576E27876243005D16B3 /* BookListCell.swift */,
				75F4577027876387005D16B3 /* CollectionViewCell.swift */,
				758026F927E7AC3C00910A2F /* DashboardView.swift */,
				7564115F282979B1008F3B2A /* DashboardBottomView.swift */,
			);
			path = Views;
			sourceTree = "<group>";
		};
/* End PBXGroup section */

/* Begin PBXNativeTarget section */
		689710AC276F564400C1F785 /* AppOKR */ = {
			isa = PBXNativeTarget;
			buildConfigurationList = 689710D2276F565300C1F785 /* Build configuration list for PBXNativeTarget "AppOKR" */;
			buildPhases = (
				689710A9276F564400C1F785 /* Sources */,
				689710AA276F564400C1F785 /* Frameworks */,
				689710AB276F564400C1F785 /* Resources */,
				752CB32127E5FF770095669A /* Embed App Extensions */,
				75AB2F0728FF015300D3384F /* Embed Frameworks */,
			);
			buildRules = (
			);
			dependencies = (
				758026DC27E60DE000910A2F /* PBXTargetDependency */,
			);
			name = AppOKR;
			packageProductDependencies = (
				758026F527E7906900910A2F /* FirebaseAnalytics */,
				758026F727E7906900910A2F /* FirebaseAuth */,
			);
			productName = AppOKR;
			productReference = 689710AD276F564400C1F785 /* AppOKR.app */;
			productType = "com.apple.product-type.application";
		};
		689710BD276F565300C1F785 /* AppOKRTests */ = {
			isa = PBXNativeTarget;
			buildConfigurationList = 689710D5276F565300C1F785 /* Build configuration list for PBXNativeTarget "AppOKRTests" */;
			buildPhases = (
				689710BA276F565300C1F785 /* Sources */,
				689710BB276F565300C1F785 /* Frameworks */,
				689710BC276F565300C1F785 /* Resources */,
			);
			buildRules = (
			);
			dependencies = (
				689710C0276F565300C1F785 /* PBXTargetDependency */,
			);
			name = AppOKRTests;
			productName = AppOKRTests;
			productReference = 689710BE276F565300C1F785 /* AppOKRTests.xctest */;
			productType = "com.apple.product-type.bundle.unit-test";
		};
		689710C8276F565300C1F785 /* AppOKRUITests */ = {
			isa = PBXNativeTarget;
			buildConfigurationList = 689710D8276F565300C1F785 /* Build configuration list for PBXNativeTarget "AppOKRUITests" */;
			buildPhases = (
				689710C5276F565300C1F785 /* Sources */,
				689710C6276F565300C1F785 /* Frameworks */,
				689710C7276F565300C1F785 /* Resources */,
			);
			buildRules = (
			);
			dependencies = (
				689710CB276F565300C1F785 /* PBXTargetDependency */,
			);
			name = AppOKRUITests;
			productName = AppOKRUITests;
			productReference = 689710C9276F565300C1F785 /* AppOKRUITests.xctest */;
			productType = "com.apple.product-type.bundle.ui-testing";
		};
		758026D127E60DDF00910A2F /* AppOKRWidgetExtension */ = {
			isa = PBXNativeTarget;
			buildConfigurationList = 758026DE27E60DE000910A2F /* Build configuration list for PBXNativeTarget "AppOKRWidgetExtension" */;
			buildPhases = (
				758026CE27E60DDF00910A2F /* Sources */,
				758026CF27E60DDF00910A2F /* Frameworks */,
				758026D027E60DDF00910A2F /* Resources */,
			);
			buildRules = (
			);
			dependencies = (
			);
			name = AppOKRWidgetExtension;
			productName = AppOKRWidgetExtension;
			productReference = 758026D227E60DDF00910A2F /* AppOKRWidgetExtension.appex */;
			productType = "com.apple.product-type.app-extension";
		};
/* End PBXNativeTarget section */

/* Begin PBXProject section */
		689710A5276F564400C1F785 /* Project object */ = {
			isa = PBXProject;
			attributes = {
				LastSwiftUpdateCheck = 1310;
				LastUpgradeCheck = 1250;
				TargetAttributes = {
					689710AC276F564400C1F785 = {
						CreatedOnToolsVersion = 12.5.1;
					};
					689710BD276F565300C1F785 = {
						CreatedOnToolsVersion = 12.5.1;
						TestTargetID = 689710AC276F564400C1F785;
					};
					689710C8276F565300C1F785 = {
						CreatedOnToolsVersion = 12.5.1;
						TestTargetID = 689710AC276F564400C1F785;
					};
					758026D127E60DDF00910A2F = {
						CreatedOnToolsVersion = 13.1;
					};
				};
			};
			buildConfigurationList = 689710A8276F564400C1F785 /* Build configuration list for PBXProject "AppOKR" */;
			compatibilityVersion = "Xcode 9.3";
			developmentRegion = en;
			hasScannedForEncodings = 0;
			knownRegions = (
				en,
				Base,
			);
			mainGroup = 689710A4276F564400C1F785;
			packageReferences = (
				758026F427E7906900910A2F /* XCRemoteSwiftPackageReference "firebase-ios-sdk" */,
			);
			productRefGroup = 689710AE276F564400C1F785 /* Products */;
			projectDirPath = "";
			projectRoot = "";
			targets = (
				689710AC276F564400C1F785 /* AppOKR */,
				689710BD276F565300C1F785 /* AppOKRTests */,
				689710C8276F565300C1F785 /* AppOKRUITests */,
				758026D127E60DDF00910A2F /* AppOKRWidgetExtension */,
			);
		};
/* End PBXProject section */

/* Begin PBXResourcesBuildPhase section */
		689710AB276F564400C1F785 /* Resources */ = {
			isa = PBXResourcesBuildPhase;
			buildActionMask = 2147483647;
			files = (
				689710B8276F565300C1F785 /* Preview Assets.xcassets in Resources */,
				689710B5276F565300C1F785 /* Assets.xcassets in Resources */,
				758026F327E78FF100910A2F /* GoogleService-Info.plist in Resources */,
			);
			runOnlyForDeploymentPostprocessing = 0;
		};
		689710BC276F565300C1F785 /* Resources */ = {
			isa = PBXResourcesBuildPhase;
			buildActionMask = 2147483647;
			files = (
			);
			runOnlyForDeploymentPostprocessing = 0;
		};
		689710C7276F565300C1F785 /* Resources */ = {
			isa = PBXResourcesBuildPhase;
			buildActionMask = 2147483647;
			files = (
			);
			runOnlyForDeploymentPostprocessing = 0;
		};
		758026D027E60DDF00910A2F /* Resources */ = {
			isa = PBXResourcesBuildPhase;
			buildActionMask = 2147483647;
			files = (
				758026D927E60DE000910A2F /* Assets.xcassets in Resources */,
			);
			runOnlyForDeploymentPostprocessing = 0;
		};
/* End PBXResourcesBuildPhase section */

/* Begin PBXSourcesBuildPhase section */
		689710A9276F564400C1F785 /* Sources */ = {
			isa = PBXSourcesBuildPhase;
			buildActionMask = 2147483647;
			files = (
				689710E3276F75D700C1F785 /* Api.swift in Sources */,
				758026FA27E7AC3C00910A2F /* DashboardView.swift in Sources */,
				689710B3276F564400C1F785 /* ContentView.swift in Sources */,
				75F4577127876387005D16B3 /* CollectionViewCell.swift in Sources */,
				75F4576927876057005D16B3 /* CollectionView.swift in Sources */,
				758026E827E722C100910A2F /* BookDetailsViewModel.swift in Sources */,
				689710DF276F738E00C1F785 /* RequestProvider.swift in Sources */,
				75F45764277F2363005D16B3 /* Genre.swift in Sources */,
				75641160282979B1008F3B2A /* DashboardBottomView.swift in Sources */,
				7564115C28285B83008F3B2A /* BooksList.xcdatamodeld in Sources */,
				75AB2EFF28FEEFDA00D3384F /* SpotifyService.swift in Sources */,
				758026FF27E7AF4A00910A2F /* SignUpView.swift in Sources */,
				75F45762277F22DF005D16B3 /* Book.swift in Sources */,
				689710EA276F7D7B00C1F785 /* Author.swift in Sources */,
				7564115E28285D65008F3B2A /* BookObject+.swift in Sources */,
				75641162282A35DF008F3B2A /* BackgroundColorKey.swift in Sources */,
				689710E6276F793800C1F785 /* Feed.swift in Sources */,
				689710E8276F798E00C1F785 /* ResultData.swift in Sources */,
				75F4576B278760DE005D16B3 /* CollectionRowView.swift in Sources */,
				758026EC27E77C9600910A2F /* AuthViewModel.swift in Sources */,
				753EF3CD27EA66E3001224CA /* PasswordStatus.swift in Sources */,
				75F457662781E205005D16B3 /* BooksViewModel.swift in Sources */,
				689710DD276F732100C1F785 /* Endpoint.swift in Sources */,
				689710E1276F754F00C1F785 /* ApiError.swift in Sources */,
				758026EA27E77C8600910A2F /* SignInView.swift in Sources */,
				75F4576D27876221005D16B3 /* BookDetails.swift in Sources */,
				7517FFD027DE515B00A884BD /* CodableDefault.swift in Sources */,
				689710B1276F564400C1F785 /* AppOKRApp.swift in Sources */,
				75F4576F27876243005D16B3 /* BookListCell.swift in Sources */,
				689710EC276F7DAB00C1F785 /* Link.swift in Sources */,
			);
			runOnlyForDeploymentPostprocessing = 0;
		};
		689710BA276F565300C1F785 /* Sources */ = {
			isa = PBXSourcesBuildPhase;
			buildActionMask = 2147483647;
			files = (
				689710C3276F565300C1F785 /* AppOKRTests.swift in Sources */,
			);
			runOnlyForDeploymentPostprocessing = 0;
		};
		689710C5276F565300C1F785 /* Sources */ = {
			isa = PBXSourcesBuildPhase;
			buildActionMask = 2147483647;
			files = (
				689710CE276F565300C1F785 /* AppOKRUITests.swift in Sources */,
			);
			runOnlyForDeploymentPostprocessing = 0;
		};
		758026CE27E60DDF00910A2F /* Sources */ = {
			isa = PBXSourcesBuildPhase;
			buildActionMask = 2147483647;
			files = (
				758026D727E60DDF00910A2F /* AppOKRWidget.swift in Sources */,
				758026E627E7213B00910A2F /* AppOKRWidgetViewModel.swift in Sources */,
			);
			runOnlyForDeploymentPostprocessing = 0;
		};
/* End PBXSourcesBuildPhase section */

/* Begin PBXTargetDependency section */
		689710C0276F565300C1F785 /* PBXTargetDependency */ = {
			isa = PBXTargetDependency;
			target = 689710AC276F564400C1F785 /* AppOKR */;
			targetProxy = 689710BF276F565300C1F785 /* PBXContainerItemProxy */;
		};
		689710CB276F565300C1F785 /* PBXTargetDependency */ = {
			isa = PBXTargetDependency;
			target = 689710AC276F564400C1F785 /* AppOKR */;
			targetProxy = 689710CA276F565300C1F785 /* PBXContainerItemProxy */;
		};
		758026DC27E60DE000910A2F /* PBXTargetDependency */ = {
			isa = PBXTargetDependency;
			target = 758026D127E60DDF00910A2F /* AppOKRWidgetExtension */;
			targetProxy = 758026DB27E60DE000910A2F /* PBXContainerItemProxy */;
		};
/* End PBXTargetDependency section */

/* Begin XCBuildConfiguration section */
		689710D0276F565300C1F785 /* Debug */ = {
			isa = XCBuildConfiguration;
			buildSettings = {
				ALWAYS_SEARCH_USER_PATHS = NO;
				CLANG_ANALYZER_NONNULL = YES;
				CLANG_ANALYZER_NUMBER_OBJECT_CONVERSION = YES_AGGRESSIVE;
				CLANG_CXX_LANGUAGE_STANDARD = "gnu++14";
				CLANG_CXX_LIBRARY = "libc++";
				CLANG_ENABLE_MODULES = YES;
				CLANG_ENABLE_OBJC_ARC = YES;
				CLANG_ENABLE_OBJC_WEAK = YES;
				CLANG_WARN_BLOCK_CAPTURE_AUTORELEASING = YES;
				CLANG_WARN_BOOL_CONVERSION = YES;
				CLANG_WARN_COMMA = YES;
				CLANG_WARN_CONSTANT_CONVERSION = YES;
				CLANG_WARN_DEPRECATED_OBJC_IMPLEMENTATIONS = YES;
				CLANG_WARN_DIRECT_OBJC_ISA_USAGE = YES_ERROR;
				CLANG_WARN_DOCUMENTATION_COMMENTS = YES;
				CLANG_WARN_EMPTY_BODY = YES;
				CLANG_WARN_ENUM_CONVERSION = YES;
				CLANG_WARN_INFINITE_RECURSION = YES;
				CLANG_WARN_INT_CONVERSION = YES;
				CLANG_WARN_NON_LITERAL_NULL_CONVERSION = YES;
				CLANG_WARN_OBJC_IMPLICIT_RETAIN_SELF = YES;
				CLANG_WARN_OBJC_LITERAL_CONVERSION = YES;
				CLANG_WARN_OBJC_ROOT_CLASS = YES_ERROR;
				CLANG_WARN_QUOTED_INCLUDE_IN_FRAMEWORK_HEADER = YES;
				CLANG_WARN_RANGE_LOOP_ANALYSIS = YES;
				CLANG_WARN_STRICT_PROTOTYPES = YES;
				CLANG_WARN_SUSPICIOUS_MOVE = YES;
				CLANG_WARN_UNGUARDED_AVAILABILITY = YES_AGGRESSIVE;
				CLANG_WARN_UNREACHABLE_CODE = YES;
				CLANG_WARN__DUPLICATE_METHOD_MATCH = YES;
				COPY_PHASE_STRIP = NO;
				DEBUG_INFORMATION_FORMAT = dwarf;
				ENABLE_STRICT_OBJC_MSGSEND = YES;
				ENABLE_TESTABILITY = YES;
				GCC_C_LANGUAGE_STANDARD = gnu11;
				GCC_DYNAMIC_NO_PIC = NO;
				GCC_NO_COMMON_BLOCKS = YES;
				GCC_OPTIMIZATION_LEVEL = 0;
				GCC_PREPROCESSOR_DEFINITIONS = (
					"DEBUG=1",
					"$(inherited)",
				);
				GCC_WARN_64_TO_32_BIT_CONVERSION = YES;
				GCC_WARN_ABOUT_RETURN_TYPE = YES_ERROR;
				GCC_WARN_UNDECLARED_SELECTOR = YES;
				GCC_WARN_UNINITIALIZED_AUTOS = YES_AGGRESSIVE;
				GCC_WARN_UNUSED_FUNCTION = YES;
				GCC_WARN_UNUSED_VARIABLE = YES;
				IPHONEOS_DEPLOYMENT_TARGET = 13.0;
				MTL_ENABLE_DEBUG_INFO = INCLUDE_SOURCE;
				MTL_FAST_MATH = YES;
				ONLY_ACTIVE_ARCH = YES;
				OTHER_LDFLAGS = (
					"$(OTHER_LDFLAGS)",
					"-ObjC",
				);
				SDKROOT = iphoneos;
				SWIFT_ACTIVE_COMPILATION_CONDITIONS = DEBUG;
				SWIFT_OPTIMIZATION_LEVEL = "-Onone";
			};
			name = Debug;
		};
		689710D1276F565300C1F785 /* Release */ = {
			isa = XCBuildConfiguration;
			buildSettings = {
				ALWAYS_SEARCH_USER_PATHS = NO;
				CLANG_ANALYZER_NONNULL = YES;
				CLANG_ANALYZER_NUMBER_OBJECT_CONVERSION = YES_AGGRESSIVE;
				CLANG_CXX_LANGUAGE_STANDARD = "gnu++14";
				CLANG_CXX_LIBRARY = "libc++";
				CLANG_ENABLE_MODULES = YES;
				CLANG_ENABLE_OBJC_ARC = YES;
				CLANG_ENABLE_OBJC_WEAK = YES;
				CLANG_WARN_BLOCK_CAPTURE_AUTORELEASING = YES;
				CLANG_WARN_BOOL_CONVERSION = YES;
				CLANG_WARN_COMMA = YES;
				CLANG_WARN_CONSTANT_CONVERSION = YES;
				CLANG_WARN_DEPRECATED_OBJC_IMPLEMENTATIONS = YES;
				CLANG_WARN_DIRECT_OBJC_ISA_USAGE = YES_ERROR;
				CLANG_WARN_DOCUMENTATION_COMMENTS = YES;
				CLANG_WARN_EMPTY_BODY = YES;
				CLANG_WARN_ENUM_CONVERSION = YES;
				CLANG_WARN_INFINITE_RECURSION = YES;
				CLANG_WARN_INT_CONVERSION = YES;
				CLANG_WARN_NON_LITERAL_NULL_CONVERSION = YES;
				CLANG_WARN_OBJC_IMPLICIT_RETAIN_SELF = YES;
				CLANG_WARN_OBJC_LITERAL_CONVERSION = YES;
				CLANG_WARN_OBJC_ROOT_CLASS = YES_ERROR;
				CLANG_WARN_QUOTED_INCLUDE_IN_FRAMEWORK_HEADER = YES;
				CLANG_WARN_RANGE_LOOP_ANALYSIS = YES;
				CLANG_WARN_STRICT_PROTOTYPES = YES;
				CLANG_WARN_SUSPICIOUS_MOVE = YES;
				CLANG_WARN_UNGUARDED_AVAILABILITY = YES_AGGRESSIVE;
				CLANG_WARN_UNREACHABLE_CODE = YES;
				CLANG_WARN__DUPLICATE_METHOD_MATCH = YES;
				COPY_PHASE_STRIP = NO;
				DEBUG_INFORMATION_FORMAT = "dwarf-with-dsym";
				ENABLE_NS_ASSERTIONS = NO;
				ENABLE_STRICT_OBJC_MSGSEND = YES;
				GCC_C_LANGUAGE_STANDARD = gnu11;
				GCC_NO_COMMON_BLOCKS = YES;
				GCC_WARN_64_TO_32_BIT_CONVERSION = YES;
				GCC_WARN_ABOUT_RETURN_TYPE = YES_ERROR;
				GCC_WARN_UNDECLARED_SELECTOR = YES;
				GCC_WARN_UNINITIALIZED_AUTOS = YES_AGGRESSIVE;
				GCC_WARN_UNUSED_FUNCTION = YES;
				GCC_WARN_UNUSED_VARIABLE = YES;
				IPHONEOS_DEPLOYMENT_TARGET = 13.0;
				MTL_ENABLE_DEBUG_INFO = NO;
				MTL_FAST_MATH = YES;
				OTHER_LDFLAGS = (
					"$(OTHER_LDFLAGS)",
					"-ObjC",
				);
				SDKROOT = iphoneos;
				SWIFT_COMPILATION_MODE = wholemodule;
				SWIFT_OPTIMIZATION_LEVEL = "-O";
				VALIDATE_PRODUCT = YES;
			};
			name = Release;
		};
		689710D3276F565300C1F785 /* Debug */ = {
			isa = XCBuildConfiguration;
			buildSettings = {
				ALWAYS_EMBED_SWIFT_STANDARD_LIBRARIES = YES;
				ASSETCATALOG_COMPILER_APPICON_NAME = AppIcon;
				ASSETCATALOG_COMPILER_GLOBAL_ACCENT_COLOR_NAME = AccentColor;
				ASSETCATALOG_COMPILER_INCLUDE_ALL_APPICON_ASSETS = NO;
				CODE_SIGN_ENTITLEMENTS = AppOKR/AppOKR.entitlements;
				CODE_SIGN_IDENTITY = "Apple Development";
				CODE_SIGN_STYLE = Automatic;
				CURRENT_PROJECT_VERSION = 6;
				DEVELOPMENT_ASSET_PATHS = "\"AppOKR/Preview Content\"";
				DEVELOPMENT_TEAM = R2479253XF;
				ENABLE_PREVIEWS = YES;
				INFOPLIST_FILE = AppOKR/Info.plist;
				IPHONEOS_DEPLOYMENT_TARGET = 15.0;
				LD_RUNPATH_SEARCH_PATHS = (
					"$(inherited)",
					"@executable_path/Frameworks",
				);
				MARKETING_VERSION = 1.1;
				PRODUCT_BUNDLE_IDENTIFIER = com.appokr.AppOKR;
				PRODUCT_NAME = "$(TARGET_NAME)";
				PROVISIONING_PROFILE_SPECIFIER = "";
				SWIFT_VERSION = 5.0;
				TARGETED_DEVICE_FAMILY = 1;
			};
			name = Debug;
		};
		689710D4276F565300C1F785 /* Release */ = {
			isa = XCBuildConfiguration;
			buildSettings = {
				ALWAYS_EMBED_SWIFT_STANDARD_LIBRARIES = YES;
				ASSETCATALOG_COMPILER_APPICON_NAME = AppIcon;
				ASSETCATALOG_COMPILER_GLOBAL_ACCENT_COLOR_NAME = AccentColor;
				ASSETCATALOG_COMPILER_INCLUDE_ALL_APPICON_ASSETS = NO;
				CODE_SIGN_ENTITLEMENTS = AppOKR/AppOKR.entitlements;
				CODE_SIGN_IDENTITY = "Apple Development";
				CODE_SIGN_STYLE = Automatic;
				CURRENT_PROJECT_VERSION = 6;
				DEVELOPMENT_ASSET_PATHS = "\"AppOKR/Preview Content\"";
				DEVELOPMENT_TEAM = R2479253XF;
				ENABLE_PREVIEWS = YES;
				INFOPLIST_FILE = AppOKR/Info.plist;
				IPHONEOS_DEPLOYMENT_TARGET = 15.0;
				LD_RUNPATH_SEARCH_PATHS = (
					"$(inherited)",
					"@executable_path/Frameworks",
				);
				MARKETING_VERSION = 1.1;
				PRODUCT_BUNDLE_IDENTIFIER = com.appokr.AppOKR;
				PRODUCT_NAME = "$(TARGET_NAME)";
				PROVISIONING_PROFILE_SPECIFIER = "";
				SWIFT_VERSION = 5.0;
				TARGETED_DEVICE_FAMILY = 1;
			};
			name = Release;
		};
		689710D6276F565300C1F785 /* Debug */ = {
			isa = XCBuildConfiguration;
			buildSettings = {
				ALWAYS_EMBED_SWIFT_STANDARD_LIBRARIES = YES;
				BUNDLE_LOADER = "$(TEST_HOST)";
				CODE_SIGN_STYLE = Automatic;
				DEVELOPMENT_TEAM = R2479253XF;
				INFOPLIST_FILE = AppOKRTests/Info.plist;
				IPHONEOS_DEPLOYMENT_TARGET = 15.0;
				LD_RUNPATH_SEARCH_PATHS = (
					"$(inherited)",
					"@executable_path/Frameworks",
					"@loader_path/Frameworks",
				);
				PRODUCT_BUNDLE_IDENTIFIER = com.appokr.AppOKRTests;
				PRODUCT_NAME = "$(TARGET_NAME)";
				SWIFT_VERSION = 5.0;
				TARGETED_DEVICE_FAMILY = "1,2";
				TEST_HOST = "$(BUILT_PRODUCTS_DIR)/AppOKR.app/AppOKR";
			};
			name = Debug;
		};
		689710D7276F565300C1F785 /* Release */ = {
			isa = XCBuildConfiguration;
			buildSettings = {
				ALWAYS_EMBED_SWIFT_STANDARD_LIBRARIES = YES;
				BUNDLE_LOADER = "$(TEST_HOST)";
				CODE_SIGN_STYLE = Automatic;
				DEVELOPMENT_TEAM = R2479253XF;
				INFOPLIST_FILE = AppOKRTests/Info.plist;
				IPHONEOS_DEPLOYMENT_TARGET = 15.0;
				LD_RUNPATH_SEARCH_PATHS = (
					"$(inherited)",
					"@executable_path/Frameworks",
					"@loader_path/Frameworks",
				);
				PRODUCT_BUNDLE_IDENTIFIER = com.appokr.AppOKRTests;
				PRODUCT_NAME = "$(TARGET_NAME)";
				SWIFT_VERSION = 5.0;
				TARGETED_DEVICE_FAMILY = "1,2";
				TEST_HOST = "$(BUILT_PRODUCTS_DIR)/AppOKR.app/AppOKR";
			};
			name = Release;
		};
		689710D9276F565300C1F785 /* Debug */ = {
			isa = XCBuildConfiguration;
			buildSettings = {
				ALWAYS_EMBED_SWIFT_STANDARD_LIBRARIES = YES;
				CODE_SIGN_STYLE = Automatic;
				DEVELOPMENT_TEAM = R2479253XF;
				INFOPLIST_FILE = AppOKRUITests/Info.plist;
				LD_RUNPATH_SEARCH_PATHS = (
					"$(inherited)",
					"@executable_path/Frameworks",
					"@loader_path/Frameworks",
				);
				PRODUCT_BUNDLE_IDENTIFIER = com.appokr.AppOKRUITests;
				PRODUCT_NAME = "$(TARGET_NAME)";
				SWIFT_VERSION = 5.0;
				TARGETED_DEVICE_FAMILY = "1,2";
				TEST_TARGET_NAME = AppOKR;
			};
			name = Debug;
		};
		689710DA276F565300C1F785 /* Release */ = {
			isa = XCBuildConfiguration;
			buildSettings = {
				ALWAYS_EMBED_SWIFT_STANDARD_LIBRARIES = YES;
				CODE_SIGN_STYLE = Automatic;
				DEVELOPMENT_TEAM = R2479253XF;
				INFOPLIST_FILE = AppOKRUITests/Info.plist;
				LD_RUNPATH_SEARCH_PATHS = (
					"$(inherited)",
					"@executable_path/Frameworks",
					"@loader_path/Frameworks",
				);
				PRODUCT_BUNDLE_IDENTIFIER = com.appokr.AppOKRUITests;
				PRODUCT_NAME = "$(TARGET_NAME)";
				SWIFT_VERSION = 5.0;
				TARGETED_DEVICE_FAMILY = "1,2";
				TEST_TARGET_NAME = AppOKR;
			};
			name = Release;
		};
		758026DF27E60DE000910A2F /* Debug */ = {
			isa = XCBuildConfiguration;
			buildSettings = {
				ASSETCATALOG_COMPILER_GLOBAL_ACCENT_COLOR_NAME = AccentColor;
				ASSETCATALOG_COMPILER_WIDGET_BACKGROUND_COLOR_NAME = WidgetBackground;
				CLANG_CXX_LANGUAGE_STANDARD = "gnu++17";
				CODE_SIGN_ENTITLEMENTS = AppOKRWidgetExtension.entitlements;
				CODE_SIGN_STYLE = Automatic;
				CURRENT_PROJECT_VERSION = 6;
				DEVELOPMENT_TEAM = R2479253XF;
				GENERATE_INFOPLIST_FILE = YES;
				INFOPLIST_FILE = AppOKRWidget/Info.plist;
				INFOPLIST_KEY_CFBundleDisplayName = AppOKRWidget;
				INFOPLIST_KEY_NSHumanReadableCopyright = "";
				IPHONEOS_DEPLOYMENT_TARGET = 15.0;
				LD_RUNPATH_SEARCH_PATHS = (
					"$(inherited)",
					"@executable_path/Frameworks",
					"@executable_path/../../Frameworks",
				);
				MARKETING_VERSION = 1.1;
				PRODUCT_BUNDLE_IDENTIFIER = com.appokr.AppOKR.AppOKRWidget;
				PRODUCT_NAME = "$(TARGET_NAME)";
				SKIP_INSTALL = YES;
				SWIFT_EMIT_LOC_STRINGS = YES;
				SWIFT_VERSION = 5.0;
				TARGETED_DEVICE_FAMILY = "1,2";
			};
			name = Debug;
		};
		758026E027E60DE000910A2F /* Release */ = {
			isa = XCBuildConfiguration;
			buildSettings = {
				ASSETCATALOG_COMPILER_GLOBAL_ACCENT_COLOR_NAME = AccentColor;
				ASSETCATALOG_COMPILER_WIDGET_BACKGROUND_COLOR_NAME = WidgetBackground;
				CLANG_CXX_LANGUAGE_STANDARD = "gnu++17";
				CODE_SIGN_ENTITLEMENTS = AppOKRWidgetExtension.entitlements;
				CODE_SIGN_STYLE = Automatic;
				CURRENT_PROJECT_VERSION = 6;
				DEVELOPMENT_TEAM = R2479253XF;
				GENERATE_INFOPLIST_FILE = YES;
				INFOPLIST_FILE = AppOKRWidget/Info.plist;
				INFOPLIST_KEY_CFBundleDisplayName = AppOKRWidget;
				INFOPLIST_KEY_NSHumanReadableCopyright = "";
				IPHONEOS_DEPLOYMENT_TARGET = 15.0;
				LD_RUNPATH_SEARCH_PATHS = (
					"$(inherited)",
					"@executable_path/Frameworks",
					"@executable_path/../../Frameworks",
				);
				MARKETING_VERSION = 1.1;
				PRODUCT_BUNDLE_IDENTIFIER = com.appokr.AppOKR.AppOKRWidget;
				PRODUCT_NAME = "$(TARGET_NAME)";
				SKIP_INSTALL = YES;
				SWIFT_EMIT_LOC_STRINGS = YES;
				SWIFT_VERSION = 5.0;
				TARGETED_DEVICE_FAMILY = "1,2";
			};
			name = Release;
		};
/* End XCBuildConfiguration section */

/* Begin XCConfigurationList section */
		689710A8276F564400C1F785 /* Build configuration list for PBXProject "AppOKR" */ = {
			isa = XCConfigurationList;
			buildConfigurations = (
				689710D0276F565300C1F785 /* Debug */,
				689710D1276F565300C1F785 /* Release */,
			);
			defaultConfigurationIsVisible = 0;
			defaultConfigurationName = Release;
		};
		689710D2276F565300C1F785 /* Build configuration list for PBXNativeTarget "AppOKR" */ = {
			isa = XCConfigurationList;
			buildConfigurations = (
				689710D3276F565300C1F785 /* Debug */,
				689710D4276F565300C1F785 /* Release */,
			);
			defaultConfigurationIsVisible = 0;
			defaultConfigurationName = Release;
		};
		689710D5276F565300C1F785 /* Build configuration list for PBXNativeTarget "AppOKRTests" */ = {
			isa = XCConfigurationList;
			buildConfigurations = (
				689710D6276F565300C1F785 /* Debug */,
				689710D7276F565300C1F785 /* Release */,
			);
			defaultConfigurationIsVisible = 0;
			defaultConfigurationName = Release;
		};
		689710D8276F565300C1F785 /* Build configuration list for PBXNativeTarget "AppOKRUITests" */ = {
			isa = XCConfigurationList;
			buildConfigurations = (
				689710D9276F565300C1F785 /* Debug */,
				689710DA276F565300C1F785 /* Release */,
			);
			defaultConfigurationIsVisible = 0;
			defaultConfigurationName = Release;
		};
		758026DE27E60DE000910A2F /* Build configuration list for PBXNativeTarget "AppOKRWidgetExtension" */ = {
			isa = XCConfigurationList;
			buildConfigurations = (
				758026DF27E60DE000910A2F /* Debug */,
				758026E027E60DE000910A2F /* Release */,
			);
			defaultConfigurationIsVisible = 0;
			defaultConfigurationName = Release;
		};
/* End XCConfigurationList section */

/* Begin XCRemoteSwiftPackageReference section */
		758026F427E7906900910A2F /* XCRemoteSwiftPackageReference "firebase-ios-sdk" */ = {
			isa = XCRemoteSwiftPackageReference;
			repositoryURL = "https://github.com/firebase/firebase-ios-sdk";
			requirement = {
				kind = upToNextMajorVersion;
				minimumVersion = 10.4.0;
			};
		};
/* End XCRemoteSwiftPackageReference section */

/* Begin XCSwiftPackageProductDependency section */
		758026F527E7906900910A2F /* FirebaseAnalytics */ = {
			isa = XCSwiftPackageProductDependency;
			package = 758026F427E7906900910A2F /* XCRemoteSwiftPackageReference "firebase-ios-sdk" */;
			productName = FirebaseAnalytics;
		};
		758026F727E7906900910A2F /* FirebaseAuth */ = {
			isa = XCSwiftPackageProductDependency;
			package = 758026F427E7906900910A2F /* XCRemoteSwiftPackageReference "firebase-ios-sdk" */;
			productName = FirebaseAuth;
		};
/* End XCSwiftPackageProductDependency section */

/* Begin XCVersionGroup section */
		7564115A28285B83008F3B2A /* BooksList.xcdatamodeld */ = {
			isa = XCVersionGroup;
			children = (
				7564115B28285B83008F3B2A /* BooksList.xcdatamodel */,
			);
			currentVersion = 7564115B28285B83008F3B2A /* BooksList.xcdatamodel */;
			path = BooksList.xcdatamodeld;
			sourceTree = "<group>";
			versionGroupType = wrapper.xcdatamodel;
		};
/* End XCVersionGroup section */
	};
	rootObject = 689710A5276F564400C1F785 /* Project object */;
}
